// !$*UTF8*$!
{
	archiveVersion = 1;
	classes = {
	};
	objectVersion = 55;
	objects = {

/* Begin PBXBuildFile section */
		0E27D5C927B66A45001F0F48 /* Rock_Paper_ScissorsApp.swift in Sources */ = {isa = PBXBuildFile; fileRef = 0E27D5C827B66A45001F0F48 /* Rock_Paper_ScissorsApp.swift */; };
		0E27D5CB27B66A45001F0F48 /* ContentView.swift in Sources */ = {isa = PBXBuildFile; fileRef = 0E27D5CA27B66A45001F0F48 /* ContentView.swift */; };
		0E27D5CD27B66A46001F0F48 /* Assets.xcassets in Resources */ = {isa = PBXBuildFile; fileRef = 0E27D5CC27B66A46001F0F48 /* Assets.xcassets */; };
		0E27D5D027B66A46001F0F48 /* Preview Assets.xcassets in Resources */ = {isa = PBXBuildFile; fileRef = 0E27D5CF27B66A46001F0F48 /* Preview Assets.xcassets */; };
		0E27D5E827B66B2D001F0F48 /* Tokenizer.swift in Sources */ = {isa = PBXBuildFile; fileRef = 0E27D5D727B66B2D001F0F48 /* Tokenizer.swift */; };
		0E27D5E927B66B2D001F0F48 /* Vision.swift in Sources */ = {isa = PBXBuildFile; fileRef = 0E27D5D827B66B2D001F0F48 /* Vision.swift */; };
		0E27D5EA27B66B2D001F0F48 /* Parser.swift in Sources */ = {isa = PBXBuildFile; fileRef = 0E27D5D927B66B2D001F0F48 /* Parser.swift */; };
		0E27D5EB27B66B2D001F0F48 /* Support.swift in Sources */ = {isa = PBXBuildFile; fileRef = 0E27D5DA27B66B2D001F0F48 /* Support.swift */; };
		0E27D5EC27B66B2D001F0F48 /* Declarative.swift in Sources */ = {isa = PBXBuildFile; fileRef = 0E27D5DB27B66B2D001F0F48 /* Declarative.swift */; };
		0E27D5ED27B66B2D001F0F48 /* Procedural.swift in Sources */ = {isa = PBXBuildFile; fileRef = 0E27D5DC27B66B2D001F0F48 /* Procedural.swift */; };
		0E27D5EE27B66B2D001F0F48 /* BufferAction.swift in Sources */ = {isa = PBXBuildFile; fileRef = 0E27D5DD27B66B2D001F0F48 /* BufferAction.swift */; };
		0E27D5EF27B66B2D001F0F48 /* Production.swift in Sources */ = {isa = PBXBuildFile; fileRef = 0E27D5DE27B66B2D001F0F48 /* Production.swift */; };
		0E27D5F027B66B2D001F0F48 /* Model.swift in Sources */ = {isa = PBXBuildFile; fileRef = 0E27D5DF27B66B2D001F0F48 /* Model.swift */; };
		0E27D5F127B66B2D001F0F48 /* FocusRing.swift in Sources */ = {isa = PBXBuildFile; fileRef = 0E27D5E027B66B2D001F0F48 /* FocusRing.swift */; };
		0E27D5F227B66B2D001F0F48 /* BufferCondition.swift in Sources */ = {isa = PBXBuildFile; fileRef = 0E27D5E127B66B2D001F0F48 /* BufferCondition.swift */; };
		0E27D5F327B66B2D001F0F48 /* SlotCondition.swift in Sources */ = {isa = PBXBuildFile; fileRef = 0E27D5E227B66B2D001F0F48 /* SlotCondition.swift */; };
		0E27D5F427B66B2D001F0F48 /* ACTRWindowView.swift in Sources */ = {isa = PBXBuildFile; fileRef = 0E27D5E327B66B2D001F0F48 /* ACTRWindowView.swift */; };
		0E27D5F527B66B2D001F0F48 /* Chunk.swift in Sources */ = {isa = PBXBuildFile; fileRef = 0E27D5E427B66B2D001F0F48 /* Chunk.swift */; };
		0E27D5F627B66B2D001F0F48 /* SlotAction.swift in Sources */ = {isa = PBXBuildFile; fileRef = 0E27D5E527B66B2D001F0F48 /* SlotAction.swift */; };
		0E27D5F727B66B2D001F0F48 /* Instantiation.swift in Sources */ = {isa = PBXBuildFile; fileRef = 0E27D5E627B66B2D001F0F48 /* Instantiation.swift */; };
		0E27D5F827B66B2D001F0F48 /* Temporal.swift in Sources */ = {isa = PBXBuildFile; fileRef = 0E27D5E727B66B2D001F0F48 /* Temporal.swift */; };
/* End PBXBuildFile section */

/* Begin PBXFileReference section */
		0E27D5C527B66A45001F0F48 /* Rock_Paper_Scissors.app */ = {isa = PBXFileReference; explicitFileType = wrapper.application; includeInIndex = 0; path = Rock_Paper_Scissors.app; sourceTree = BUILT_PRODUCTS_DIR; };
		0E27D5C827B66A45001F0F48 /* Rock_Paper_ScissorsApp.swift */ = {isa = PBXFileReference; lastKnownFileType = sourcecode.swift; path = Rock_Paper_ScissorsApp.swift; sourceTree = "<group>"; };
		0E27D5CA27B66A45001F0F48 /* ContentView.swift */ = {isa = PBXFileReference; lastKnownFileType = sourcecode.swift; path = ContentView.swift; sourceTree = "<group>"; };
		0E27D5CC27B66A46001F0F48 /* Assets.xcassets */ = {isa = PBXFileReference; lastKnownFileType = folder.assetcatalog; path = Assets.xcassets; sourceTree = "<group>"; };
		0E27D5CF27B66A46001F0F48 /* Preview Assets.xcassets */ = {isa = PBXFileReference; lastKnownFileType = folder.assetcatalog; path = "Preview Assets.xcassets"; sourceTree = "<group>"; };
		0E27D5D727B66B2D001F0F48 /* Tokenizer.swift */ = {isa = PBXFileReference; fileEncoding = 4; lastKnownFileType = sourcecode.swift; name = Tokenizer.swift; path = "../../../../ACT-R/Prisoner's Dilemma/Tokenizer.swift"; sourceTree = "<group>"; };
		0E27D5D827B66B2D001F0F48 /* Vision.swift */ = {isa = PBXFileReference; fileEncoding = 4; lastKnownFileType = sourcecode.swift; name = Vision.swift; path = "../../../../ACT-R/Prisoner's Dilemma/Vision.swift"; sourceTree = "<group>"; };
		0E27D5D927B66B2D001F0F48 /* Parser.swift */ = {isa = PBXFileReference; fileEncoding = 4; lastKnownFileType = sourcecode.swift; name = Parser.swift; path = "../../../../ACT-R/Prisoner's Dilemma/Parser.swift"; sourceTree = "<group>"; };
		0E27D5DA27B66B2D001F0F48 /* Support.swift */ = {isa = PBXFileReference; fileEncoding = 4; lastKnownFileType = sourcecode.swift; name = Support.swift; path = "../../../../ACT-R/Prisoner's Dilemma/Support.swift"; sourceTree = "<group>"; };
		0E27D5DB27B66B2D001F0F48 /* Declarative.swift */ = {isa = PBXFileReference; fileEncoding = 4; lastKnownFileType = sourcecode.swift; name = Declarative.swift; path = "../../../../ACT-R/Prisoner's Dilemma/Declarative.swift"; sourceTree = "<group>"; };
		0E27D5DC27B66B2D001F0F48 /* Procedural.swift */ = {isa = PBXFileReference; fileEncoding = 4; lastKnownFileType = sourcecode.swift; name = Procedural.swift; path = "../../../../ACT-R/Prisoner's Dilemma/Procedural.swift"; sourceTree = "<group>"; };
		0E27D5DD27B66B2D001F0F48 /* BufferAction.swift */ = {isa = PBXFileReference; fileEncoding = 4; lastKnownFileType = sourcecode.swift; name = BufferAction.swift; path = "../../../../ACT-R/Prisoner's Dilemma/BufferAction.swift"; sourceTree = "<group>"; };
		0E27D5DE27B66B2D001F0F48 /* Production.swift */ = {isa = PBXFileReference; fileEncoding = 4; lastKnownFileType = sourcecode.swift; name = Production.swift; path = "../../../../ACT-R/Prisoner's Dilemma/Production.swift"; sourceTree = "<group>"; };
		0E27D5DF27B66B2D001F0F48 /* Model.swift */ = {isa = PBXFileReference; fileEncoding = 4; lastKnownFileType = sourcecode.swift; name = Model.swift; path = "../../../../ACT-R/Prisoner's Dilemma/Model.swift"; sourceTree = "<group>"; };
		0E27D5E027B66B2D001F0F48 /* FocusRing.swift */ = {isa = PBXFileReference; fileEncoding = 4; lastKnownFileType = sourcecode.swift; name = FocusRing.swift; path = "../../../../ACT-R/Prisoner's Dilemma/FocusRing.swift"; sourceTree = "<group>"; };
		0E27D5E127B66B2D001F0F48 /* BufferCondition.swift */ = {isa = PBXFileReference; fileEncoding = 4; lastKnownFileType = sourcecode.swift; name = BufferCondition.swift; path = "../../../../ACT-R/Prisoner's Dilemma/BufferCondition.swift"; sourceTree = "<group>"; };
		0E27D5E227B66B2D001F0F48 /* SlotCondition.swift */ = {isa = PBXFileReference; fileEncoding = 4; lastKnownFileType = sourcecode.swift; name = SlotCondition.swift; path = "../../../../ACT-R/Prisoner's Dilemma/SlotCondition.swift"; sourceTree = "<group>"; };
		0E27D5E327B66B2D001F0F48 /* ACTRWindowView.swift */ = {isa = PBXFileReference; fileEncoding = 4; lastKnownFileType = sourcecode.swift; name = ACTRWindowView.swift; path = "../../../../ACT-R/Prisoner's Dilemma/ACTRWindowView.swift"; sourceTree = "<group>"; };
		0E27D5E427B66B2D001F0F48 /* Chunk.swift */ = {isa = PBXFileReference; fileEncoding = 4; lastKnownFileType = sourcecode.swift; name = Chunk.swift; path = "../../../../ACT-R/Prisoner's Dilemma/Chunk.swift"; sourceTree = "<group>"; };
		0E27D5E527B66B2D001F0F48 /* SlotAction.swift */ = {isa = PBXFileReference; fileEncoding = 4; lastKnownFileType = sourcecode.swift; name = SlotAction.swift; path = "../../../../ACT-R/Prisoner's Dilemma/SlotAction.swift"; sourceTree = "<group>"; };
		0E27D5E627B66B2D001F0F48 /* Instantiation.swift */ = {isa = PBXFileReference; fileEncoding = 4; lastKnownFileType = sourcecode.swift; name = Instantiation.swift; path = "../../../../ACT-R/Prisoner's Dilemma/Instantiation.swift"; sourceTree = "<group>"; };
		0E27D5E727B66B2D001F0F48 /* Temporal.swift */ = {isa = PBXFileReference; fileEncoding = 4; lastKnownFileType = sourcecode.swift; name = Temporal.swift; path = "../../../../ACT-R/Prisoner's Dilemma/Temporal.swift"; sourceTree = "<group>"; };
/* End PBXFileReference section */

/* Begin PBXFrameworksBuildPhase section */
		0E27D5C227B66A45001F0F48 /* Frameworks */ = {
			isa = PBXFrameworksBuildPhase;
			buildActionMask = 2147483647;
			files = (
			);
			runOnlyForDeploymentPostprocessing = 0;
		};
/* End PBXFrameworksBuildPhase section */

/* Begin PBXGroup section */
		0E27D5BC27B66A45001F0F48 = {
			isa = PBXGroup;
			children = (
				0E27D5C727B66A45001F0F48 /* Rock_Paper_Scissors */,
				0E27D5C627B66A45001F0F48 /* Products */,
			);
			sourceTree = "<group>";
		};
		0E27D5C627B66A45001F0F48 /* Products */ = {
			isa = PBXGroup;
			children = (
				0E27D5C527B66A45001F0F48 /* Rock_Paper_Scissors.app */,
			);
			name = Products;
			sourceTree = "<group>";
		};
		0E27D5C727B66A45001F0F48 /* Rock_Paper_Scissors */ = {
			isa = PBXGroup;
			children = (
				0E27D5D627B66AB9001F0F48 /* Core ACT-R */,
				0E27D5C827B66A45001F0F48 /* Rock_Paper_ScissorsApp.swift */,
				0E27D5CA27B66A45001F0F48 /* ContentView.swift */,
				0E27D5CC27B66A46001F0F48 /* Assets.xcassets */,
				0E27D5CE27B66A46001F0F48 /* Preview Content */,
			);
			path = Rock_Paper_Scissors;
			sourceTree = "<group>";
		};
		0E27D5CE27B66A46001F0F48 /* Preview Content */ = {
			isa = PBXGroup;
			children = (
				0E27D5CF27B66A46001F0F48 /* Preview Assets.xcassets */,
			);
			path = "Preview Content";
			sourceTree = "<group>";
		};
		0E27D5D627B66AB9001F0F48 /* Core ACT-R */ = {
			isa = PBXGroup;
			children = (
				0E27D5E327B66B2D001F0F48 /* ACTRWindowView.swift */,
				0E27D5DD27B66B2D001F0F48 /* BufferAction.swift */,
				0E27D5E127B66B2D001F0F48 /* BufferCondition.swift */,
				0E27D5E427B66B2D001F0F48 /* Chunk.swift */,
				0E27D5DB27B66B2D001F0F48 /* Declarative.swift */,
				0E27D5E027B66B2D001F0F48 /* FocusRing.swift */,
				0E27D5E627B66B2D001F0F48 /* Instantiation.swift */,
				0E27D5DF27B66B2D001F0F48 /* Model.swift */,
				0E27D5D927B66B2D001F0F48 /* Parser.swift */,
				0E27D5DC27B66B2D001F0F48 /* Procedural.swift */,
				0E27D5DE27B66B2D001F0F48 /* Production.swift */,
				0E27D5E527B66B2D001F0F48 /* SlotAction.swift */,
				0E27D5E227B66B2D001F0F48 /* SlotCondition.swift */,
				0E27D5DA27B66B2D001F0F48 /* Support.swift */,
				0E27D5E727B66B2D001F0F48 /* Temporal.swift */,
				0E27D5D727B66B2D001F0F48 /* Tokenizer.swift */,
				0E27D5D827B66B2D001F0F48 /* Vision.swift */,
			);
			path = "Core ACT-R";
			sourceTree = "<group>";
		};
/* End PBXGroup section */

/* Begin PBXNativeTarget section */
		0E27D5C427B66A45001F0F48 /* Rock_Paper_Scissors */ = {
			isa = PBXNativeTarget;
			buildConfigurationList = 0E27D5D327B66A46001F0F48 /* Build configuration list for PBXNativeTarget "Rock_Paper_Scissors" */;
			buildPhases = (
				0E27D5C127B66A45001F0F48 /* Sources */,
				0E27D5C227B66A45001F0F48 /* Frameworks */,
				0E27D5C327B66A45001F0F48 /* Resources */,
			);
			buildRules = (
			);
			dependencies = (
			);
			name = Rock_Paper_Scissors;
			productName = Rock_Paper_Scissors;
			productReference = 0E27D5C527B66A45001F0F48 /* Rock_Paper_Scissors.app */;
			productType = "com.apple.product-type.application";
		};
/* End PBXNativeTarget section */

/* Begin PBXProject section */
		0E27D5BD27B66A45001F0F48 /* Project object */ = {
			isa = PBXProject;
			attributes = {
				BuildIndependentTargetsInParallel = 1;
				LastSwiftUpdateCheck = 1320;
				LastUpgradeCheck = 1320;
				TargetAttributes = {
					0E27D5C427B66A45001F0F48 = {
						CreatedOnToolsVersion = 13.2.1;
					};
				};
			};
			buildConfigurationList = 0E27D5C027B66A45001F0F48 /* Build configuration list for PBXProject "Rock_Paper_Scissors" */;
			compatibilityVersion = "Xcode 13.0";
			developmentRegion = en;
			hasScannedForEncodings = 0;
			knownRegions = (
				en,
				Base,
			);
			mainGroup = 0E27D5BC27B66A45001F0F48;
			productRefGroup = 0E27D5C627B66A45001F0F48 /* Products */;
			projectDirPath = "";
			projectRoot = "";
			targets = (
				0E27D5C427B66A45001F0F48 /* Rock_Paper_Scissors */,
			);
		};
/* End PBXProject section */

/* Begin PBXResourcesBuildPhase section */
		0E27D5C327B66A45001F0F48 /* Resources */ = {
			isa = PBXResourcesBuildPhase;
			buildActionMask = 2147483647;
			files = (
				0E27D5D027B66A46001F0F48 /* Preview Assets.xcassets in Resources */,
				0E27D5CD27B66A46001F0F48 /* Assets.xcassets in Resources */,
			);
			runOnlyForDeploymentPostprocessing = 0;
		};
/* End PBXResourcesBuildPhase section */

/* Begin PBXSourcesBuildPhase section */
		0E27D5C127B66A45001F0F48 /* Sources */ = {
			isa = PBXSourcesBuildPhase;
			buildActionMask = 2147483647;
			files = (
				0E27D5EF27B66B2D001F0F48 /* Production.swift in Sources */,
				0E27D5F727B66B2D001F0F48 /* Instantiation.swift in Sources */,
				0E27D5EC27B66B2D001F0F48 /* Declarative.swift in Sources */,
				0E27D5F827B66B2D001F0F48 /* Temporal.swift in Sources */,
				0E27D5F427B66B2D001F0F48 /* ACTRWindowView.swift in Sources */,
				0E27D5F227B66B2D001F0F48 /* BufferCondition.swift in Sources */,
				0E27D5CB27B66A45001F0F48 /* ContentView.swift in Sources */,
				0E27D5E827B66B2D001F0F48 /* Tokenizer.swift in Sources */,
				0E27D5F327B66B2D001F0F48 /* SlotCondition.swift in Sources */,
				0E27D5EA27B66B2D001F0F48 /* Parser.swift in Sources */,
				0E27D5ED27B66B2D001F0F48 /* Procedural.swift in Sources */,
				0E27D5C927B66A45001F0F48 /* Rock_Paper_ScissorsApp.swift in Sources */,
				0E27D5E927B66B2D001F0F48 /* Vision.swift in Sources */,
				0E27D5F027B66B2D001F0F48 /* Model.swift in Sources */,
				0E27D5EB27B66B2D001F0F48 /* Support.swift in Sources */,
				0E27D5F127B66B2D001F0F48 /* FocusRing.swift in Sources */,
				0E27D5EE27B66B2D001F0F48 /* BufferAction.swift in Sources */,
				0E27D5F527B66B2D001F0F48 /* Chunk.swift in Sources */,
				0E27D5F627B66B2D001F0F48 /* SlotAction.swift in Sources */,
			);
			runOnlyForDeploymentPostprocessing = 0;
		};
/* End PBXSourcesBuildPhase section */

/* Begin XCBuildConfiguration section */
		0E27D5D127B66A46001F0F48 /* Debug */ = {
			isa = XCBuildConfiguration;
			buildSettings = {
				ALWAYS_SEARCH_USER_PATHS = NO;
				CLANG_ANALYZER_NONNULL = YES;
				CLANG_ANALYZER_NUMBER_OBJECT_CONVERSION = YES_AGGRESSIVE;
				CLANG_CXX_LANGUAGE_STANDARD = "gnu++17";
				CLANG_CXX_LIBRARY = "libc++";
				CLANG_ENABLE_MODULES = YES;
				CLANG_ENABLE_OBJC_ARC = YES;
				CLANG_ENABLE_OBJC_WEAK = YES;
				CLANG_WARN_BLOCK_CAPTURE_AUTORELEASING = YES;
				CLANG_WARN_BOOL_CONVERSION = YES;
				CLANG_WARN_COMMA = YES;
				CLANG_WARN_CONSTANT_CONVERSION = YES;
				CLANG_WARN_DEPRECATED_OBJC_IMPLEMENTATIONS = YES;
				CLANG_WARN_DIRECT_OBJC_ISA_USAGE = YES_ERROR;
				CLANG_WARN_DOCUMENTATION_COMMENTS = YES;
				CLANG_WARN_EMPTY_BODY = YES;
				CLANG_WARN_ENUM_CONVERSION = YES;
				CLANG_WARN_INFINITE_RECURSION = YES;
				CLANG_WARN_INT_CONVERSION = YES;
				CLANG_WARN_NON_LITERAL_NULL_CONVERSION = YES;
				CLANG_WARN_OBJC_IMPLICIT_RETAIN_SELF = YES;
				CLANG_WARN_OBJC_LITERAL_CONVERSION = YES;
				CLANG_WARN_OBJC_ROOT_CLASS = YES_ERROR;
				CLANG_WARN_QUOTED_INCLUDE_IN_FRAMEWORK_HEADER = YES;
				CLANG_WARN_RANGE_LOOP_ANALYSIS = YES;
				CLANG_WARN_STRICT_PROTOTYPES = YES;
				CLANG_WARN_SUSPICIOUS_MOVE = YES;
				CLANG_WARN_UNGUARDED_AVAILABILITY = YES_AGGRESSIVE;
				CLANG_WARN_UNREACHABLE_CODE = YES;
				CLANG_WARN__DUPLICATE_METHOD_MATCH = YES;
				COPY_PHASE_STRIP = NO;
				DEBUG_INFORMATION_FORMAT = dwarf;
				ENABLE_STRICT_OBJC_MSGSEND = YES;
				ENABLE_TESTABILITY = YES;
				GCC_C_LANGUAGE_STANDARD = gnu11;
				GCC_DYNAMIC_NO_PIC = NO;
				GCC_NO_COMMON_BLOCKS = YES;
				GCC_OPTIMIZATION_LEVEL = 0;
				GCC_PREPROCESSOR_DEFINITIONS = (
					"DEBUG=1",
					"$(inherited)",
				);
				GCC_WARN_64_TO_32_BIT_CONVERSION = YES;
				GCC_WARN_ABOUT_RETURN_TYPE = YES_ERROR;
				GCC_WARN_UNDECLARED_SELECTOR = YES;
				GCC_WARN_UNINITIALIZED_AUTOS = YES_AGGRESSIVE;
				GCC_WARN_UNUSED_FUNCTION = YES;
				GCC_WARN_UNUSED_VARIABLE = YES;
				IPHONEOS_DEPLOYMENT_TARGET = 15.2;
				MTL_ENABLE_DEBUG_INFO = INCLUDE_SOURCE;
				MTL_FAST_MATH = YES;
				ONLY_ACTIVE_ARCH = YES;
				SDKROOT = iphoneos;
				SWIFT_ACTIVE_COMPILATION_CONDITIONS = DEBUG;
				SWIFT_OPTIMIZATION_LEVEL = "-Onone";
			};
			name = Debug;
		};
		0E27D5D227B66A46001F0F48 /* Release */ = {
			isa = XCBuildConfiguration;
			buildSettings = {
				ALWAYS_SEARCH_USER_PATHS = NO;
				CLANG_ANALYZER_NONNULL = YES;
				CLANG_ANALYZER_NUMBER_OBJECT_CONVERSION = YES_AGGRESSIVE;
				CLANG_CXX_LANGUAGE_STANDARD = "gnu++17";
				CLANG_CXX_LIBRARY = "libc++";
				CLANG_ENABLE_MODULES = YES;
				CLANG_ENABLE_OBJC_ARC = YES;
				CLANG_ENABLE_OBJC_WEAK = YES;
				CLANG_WARN_BLOCK_CAPTURE_AUTORELEASING = YES;
				CLANG_WARN_BOOL_CONVERSION = YES;
				CLANG_WARN_COMMA = YES;
				CLANG_WARN_CONSTANT_CONVERSION = YES;
				CLANG_WARN_DEPRECATED_OBJC_IMPLEMENTATIONS = YES;
				CLANG_WARN_DIRECT_OBJC_ISA_USAGE = YES_ERROR;
				CLANG_WARN_DOCUMENTATION_COMMENTS = YES;
				CLANG_WARN_EMPTY_BODY = YES;
				CLANG_WARN_ENUM_CONVERSION = YES;
				CLANG_WARN_INFINITE_RECURSION = YES;
				CLANG_WARN_INT_CONVERSION = YES;
				CLANG_WARN_NON_LITERAL_NULL_CONVERSION = YES;
				CLANG_WARN_OBJC_IMPLICIT_RETAIN_SELF = YES;
				CLANG_WARN_OBJC_LITERAL_CONVERSION = YES;
				CLANG_WARN_OBJC_ROOT_CLASS = YES_ERROR;
				CLANG_WARN_QUOTED_INCLUDE_IN_FRAMEWORK_HEADER = YES;
				CLANG_WARN_RANGE_LOOP_ANALYSIS = YES;
				CLANG_WARN_STRICT_PROTOTYPES = YES;
				CLANG_WARN_SUSPICIOUS_MOVE = YES;
				CLANG_WARN_UNGUARDED_AVAILABILITY = YES_AGGRESSIVE;
				CLANG_WARN_UNREACHABLE_CODE = YES;
				CLANG_WARN__DUPLICATE_METHOD_MATCH = YES;
				COPY_PHASE_STRIP = NO;
				DEBUG_INFORMATION_FORMAT = "dwarf-with-dsym";
				ENABLE_NS_ASSERTIONS = NO;
				ENABLE_STRICT_OBJC_MSGSEND = YES;
				GCC_C_LANGUAGE_STANDARD = gnu11;
				GCC_NO_COMMON_BLOCKS = YES;
				GCC_WARN_64_TO_32_BIT_CONVERSION = YES;
				GCC_WARN_ABOUT_RETURN_TYPE = YES_ERROR;
				GCC_WARN_UNDECLARED_SELECTOR = YES;
				GCC_WARN_UNINITIALIZED_AUTOS = YES_AGGRESSIVE;
				GCC_WARN_UNUSED_FUNCTION = YES;
				GCC_WARN_UNUSED_VARIABLE = YES;
				IPHONEOS_DEPLOYMENT_TARGET = 15.2;
				MTL_ENABLE_DEBUG_INFO = NO;
				MTL_FAST_MATH = YES;
				SDKROOT = iphoneos;
				SWIFT_COMPILATION_MODE = wholemodule;
				SWIFT_OPTIMIZATION_LEVEL = "-O";
				VALIDATE_PRODUCT = YES;
			};
			name = Release;
		};
		0E27D5D427B66A46001F0F48 /* Debug */ = {
			isa = XCBuildConfiguration;
			buildSettings = {
				ASSETCATALOG_COMPILER_APPICON_NAME = AppIcon;
				ASSETCATALOG_COMPILER_GLOBAL_ACCENT_COLOR_NAME = AccentColor;
				CODE_SIGN_STYLE = Automatic;
				CURRENT_PROJECT_VERSION = 1;
				DEVELOPMENT_ASSET_PATHS = "\"Rock_Paper_Scissors/Preview Content\"";
				DEVELOPMENT_TEAM = 5PGUBQU5K8;
				ENABLE_PREVIEWS = YES;
				GENERATE_INFOPLIST_FILE = YES;
				INFOPLIST_KEY_UIApplicationSceneManifest_Generation = YES;
				INFOPLIST_KEY_UIApplicationSupportsIndirectInputEvents = YES;
				INFOPLIST_KEY_UILaunchScreen_Generation = YES;
				INFOPLIST_KEY_UISupportedInterfaceOrientations_iPad = "UIInterfaceOrientationPortrait UIInterfaceOrientationPortraitUpsideDown UIInterfaceOrientationLandscapeLeft UIInterfaceOrientationLandscapeRight";
				INFOPLIST_KEY_UISupportedInterfaceOrientations_iPhone = "UIInterfaceOrientationPortrait UIInterfaceOrientationLandscapeLeft UIInterfaceOrientationLandscapeRight";
				LD_RUNPATH_SEARCH_PATHS = (
					"$(inherited)",
					"@executable_path/Frameworks",
				);
				MARKETING_VERSION = 1.0;
				PRODUCT_BUNDLE_IDENTIFIER = "s3327469.Rock-Paper-Scissors";
				PRODUCT_NAME = "$(TARGET_NAME)";
				SWIFT_EMIT_LOC_STRINGS = YES;
				SWIFT_VERSION = 5.0;
				TARGETED_DEVICE_FAMILY = "1,2";
			};
			name = Debug;
		};
		0E27D5D527B66A46001F0F48 /* Release */ = {
			isa = XCBuildConfiguration;
			buildSettings = {
				ASSETCATALOG_COMPILER_APPICON_NAME = AppIcon;
				ASSETCATALOG_COMPILER_GLOBAL_ACCENT_COLOR_NAME = AccentColor;
				CODE_SIGN_STYLE = Automatic;
				CURRENT_PROJECT_VERSION = 1;
				DEVELOPMENT_ASSET_PATHS = "\"Rock_Paper_Scissors/Preview Content\"";
				DEVELOPMENT_TEAM = 5PGUBQU5K8;
				ENABLE_PREVIEWS = YES;
				GENERATE_INFOPLIST_FILE = YES;
				INFOPLIST_KEY_UIApplicationSceneManifest_Generation = YES;
				INFOPLIST_KEY_UIApplicationSupportsIndirectInputEvents = YES;
				INFOPLIST_KEY_UILaunchScreen_Generation = YES;
				INFOPLIST_KEY_UISupportedInterfaceOrientations_iPad = "UIInterfaceOrientationPortrait UIInterfaceOrientationPortraitUpsideDown UIInterfaceOrientationLandscapeLeft UIInterfaceOrientationLandscapeRight";
				INFOPLIST_KEY_UISupportedInterfaceOrientations_iPhone = "UIInterfaceOrientationPortrait UIInterfaceOrientationLandscapeLeft UIInterfaceOrientationLandscapeRight";
				LD_RUNPATH_SEARCH_PATHS = (
					"$(inherited)",
					"@executable_path/Frameworks",
				);
				MARKETING_VERSION = 1.0;
				PRODUCT_BUNDLE_IDENTIFIER = "s3327469.Rock-Paper-Scissors";
				PRODUCT_NAME = "$(TARGET_NAME)";
				SWIFT_EMIT_LOC_STRINGS = YES;
				SWIFT_VERSION = 5.0;
				TARGETED_DEVICE_FAMILY = "1,2";
			};
			name = Release;
		};
/* End XCBuildConfiguration section */

/* Begin XCConfigurationList section */
		0E27D5C027B66A45001F0F48 /* Build configuration list for PBXProject "Rock_Paper_Scissors" */ = {
			isa = XCConfigurationList;
			buildConfigurations = (
				0E27D5D127B66A46001F0F48 /* Debug */,
				0E27D5D227B66A46001F0F48 /* Release */,
			);
			defaultConfigurationIsVisible = 0;
			defaultConfigurationName = Release;
		};
		0E27D5D327B66A46001F0F48 /* Build configuration list for PBXNativeTarget "Rock_Paper_Scissors" */ = {
			isa = XCConfigurationList;
			buildConfigurations = (
				0E27D5D427B66A46001F0F48 /* Debug */,
				0E27D5D527B66A46001F0F48 /* Release */,
			);
			defaultConfigurationIsVisible = 0;
			defaultConfigurationName = Release;
		};
/* End XCConfigurationList section */
	};
	rootObject = 0E27D5BD27B66A45001F0F48 /* Project object */;
}
